
Microsoft Visual Studio Solution File, Format Version 12.00
# Visual Studio Version 17
VisualStudioVersion = 17.1.32414.318
MinimumVisualStudioVersion = 10.0.40219.1
Project("{FAE04EC0-301F-11D3-BF4B-00C04F79EFBC}") = "Small World Phenomenon", "Small World Phenomenon.csproj", "{60C3C71D-7FA6-4B21-AE93-2738D76CEA0F}"
EndProject
Global
	GlobalSection(SolutionConfigurationPlatforms) = preSolution
		Debug|Any CPU = Debug|Any CPU
		Release|Any CPU = Release|Any CPU
	EndGlobalSection
	GlobalSection(ProjectConfigurationPlatforms) = postSolution
		{60C3C71D-7FA6-4B21-AE93-2738D76CEA0F}.Debug|Any CPU.ActiveCfg = Debug|Any CPU
		{60C3C71D-7FA6-4B21-AE93-2738D76CEA0F}.Debug|Any CPU.Build.0 = Debug|Any CPU
		{60C3C71D-7FA6-4B21-AE93-2738D76CEA0F}.Release|Any CPU.ActiveCfg = Release|Any CPU
		{60C3C71D-7FA6-4B21-AE93-2738D76CEA0F}.Release|Any CPU.Build.0 = Release|Any CPU
	EndGlobalSection
	GlobalSection(SolutionProperties) = preSolution
		HideSolutionNode = FALSE
	EndGlobalSection
	GlobalSection(ExtensibilityGlobals) = postSolution
		SolutionGuid = {C0BD9E7F-8DFE-43D4-ACCE-6830DF709AF4}
	EndGlobalSection
EndGlobal
